
Microsoft Visual Studio Solution File, Format Version 12.00
# Visual Studio 14
VisualStudioVersion = 14.0.25420.1
MinimumVisualStudioVersion = 10.0.40219.1
Project("{FAE04EC0-301F-11D3-BF4B-00C04F79EFBC}") = "Q-Zone.Tests", "Q-Zone.Tests\Q-Zone.Tests.csproj", "{907624EB-F158-479B-AD6E-064E144F13F5}"
EndProject
Project("{FAE04EC0-301F-11D3-BF4B-00C04F79EFBC}") = "Q-Zone.Models", "Q-Zone.Models\Q-Zone.Models.csproj", "{E7617A7E-7679-44A6-876A-2226355DABDC}"
EndProject
Global
	GlobalSection(SolutionConfigurationPlatforms) = preSolution
		Debug|Any CPU = Debug|Any CPU
		Release|Any CPU = Release|Any CPU
	EndGlobalSection
	GlobalSection(ProjectConfigurationPlatforms) = postSolution
		{907624EB-F158-479B-AD6E-064E144F13F5}.Debug|Any CPU.ActiveCfg = Debug|Any CPU
		{907624EB-F158-479B-AD6E-064E144F13F5}.Debug|Any CPU.Build.0 = Debug|Any CPU
		{907624EB-F158-479B-AD6E-064E144F13F5}.Release|Any CPU.ActiveCfg = Release|Any CPU
		{907624EB-F158-479B-AD6E-064E144F13F5}.Release|Any CPU.Build.0 = Release|Any CPU
		{E7617A7E-7679-44A6-876A-2226355DABDC}.Debug|Any CPU.ActiveCfg = Debug|Any CPU
		{E7617A7E-7679-44A6-876A-2226355DABDC}.Debug|Any CPU.Build.0 = Debug|Any CPU
		{E7617A7E-7679-44A6-876A-2226355DABDC}.Release|Any CPU.ActiveCfg = Release|Any CPU
		{E7617A7E-7679-44A6-876A-2226355DABDC}.Release|Any CPU.Build.0 = Release|Any CPU
	EndGlobalSection
	GlobalSection(SolutionProperties) = preSolution
		HideSolutionNode = FALSE
	EndGlobalSection
EndGlobal
